
Microsoft Visual Studio Solution File, Format Version 12.00
# Visual Studio Version 16
VisualStudioVersion = 16.0.29326.143
MinimumVisualStudioVersion = 10.0.40219.1
Project("{9A19103F-16F7-4668-BE54-9A1E7A4F7556}") = "FileRabbit.PL", "FileRabbit\FileRabbit.PL.csproj", "{3E686976-DDCA-462A-AFC2-B84D27EE5EA4}"
	ProjectSection(ProjectDependencies) = postProject
		{3D0D1ACA-1009-4430-AAED-DBCC7FC6695D} = {3D0D1ACA-1009-4430-AAED-DBCC7FC6695D}
		{389E0DF3-BACB-4890-9C5A-3EE25990DE12} = {389E0DF3-BACB-4890-9C5A-3EE25990DE12}
		{A08FC8F7-9A19-412A-8422-B669CA4B466D} = {A08FC8F7-9A19-412A-8422-B669CA4B466D}
	EndProjectSection
EndProject
Project("{9A19103F-16F7-4668-BE54-9A1E7A4F7556}") = "FileRabbit.DAL", "FileRabbit.DAL\FileRabbit.DAL.csproj", "{A293AF88-6B4E-4F05-B816-D549BC06DAC4}"
	ProjectSection(ProjectDependencies) = postProject
		{3D0D1ACA-1009-4430-AAED-DBCC7FC6695D} = {3D0D1ACA-1009-4430-AAED-DBCC7FC6695D}
		{389E0DF3-BACB-4890-9C5A-3EE25990DE12} = {389E0DF3-BACB-4890-9C5A-3EE25990DE12}
	EndProjectSection
EndProject
Project("{9A19103F-16F7-4668-BE54-9A1E7A4F7556}") = "FileRabbit.BLL", "FileRabbit.BLL\FileRabbit.BLL.csproj", "{7EB553EC-16F1-445B-A9F4-8A259084711F}"
	ProjectSection(ProjectDependencies) = postProject
		{3D0D1ACA-1009-4430-AAED-DBCC7FC6695D} = {3D0D1ACA-1009-4430-AAED-DBCC7FC6695D}
		{A08FC8F7-9A19-412A-8422-B669CA4B466D} = {A08FC8F7-9A19-412A-8422-B669CA4B466D}
	EndProjectSection
EndProject
Project("{9A19103F-16F7-4668-BE54-9A1E7A4F7556}") = "FileRabbit.Infrastructure", "FileRabbit.Infrastructure\FileRabbit.Infrastructure.csproj", "{3D0D1ACA-1009-4430-AAED-DBCC7FC6695D}"
	ProjectSection(ProjectDependencies) = postProject
		{389E0DF3-BACB-4890-9C5A-3EE25990DE12} = {389E0DF3-BACB-4890-9C5A-3EE25990DE12}
		{A08FC8F7-9A19-412A-8422-B669CA4B466D} = {A08FC8F7-9A19-412A-8422-B669CA4B466D}
	EndProjectSection
EndProject
Project("{9A19103F-16F7-4668-BE54-9A1E7A4F7556}") = "FileRabbit.ViewModels", "FileRabbit.ViewModels\FileRabbit.ViewModels.csproj", "{A08FC8F7-9A19-412A-8422-B669CA4B466D}"
EndProject
Project("{9A19103F-16F7-4668-BE54-9A1E7A4F7556}") = "FileRabbit.DAL.Entities", "FileRabbit.DAL.Entities\FileRabbit.DAL.Entities.csproj", "{389E0DF3-BACB-4890-9C5A-3EE25990DE12}"
EndProject
Project("{FAE04EC0-301F-11D3-BF4B-00C04F79EFBC}") = "FileRabbit.Tests", "FileRabbit.Tests\FileRabbit.Tests.csproj", "{80F48726-DAD2-4035-8690-CB1A485D3A0F}"
EndProject
Global
	GlobalSection(SolutionConfigurationPlatforms) = preSolution
		Debug|Any CPU = Debug|Any CPU
		Release|Any CPU = Release|Any CPU
	EndGlobalSection
	GlobalSection(ProjectConfigurationPlatforms) = postSolution
		{3E686976-DDCA-462A-AFC2-B84D27EE5EA4}.Debug|Any CPU.ActiveCfg = Debug|Any CPU
		{3E686976-DDCA-462A-AFC2-B84D27EE5EA4}.Debug|Any CPU.Build.0 = Debug|Any CPU
		{3E686976-DDCA-462A-AFC2-B84D27EE5EA4}.Release|Any CPU.ActiveCfg = Release|Any CPU
		{3E686976-DDCA-462A-AFC2-B84D27EE5EA4}.Release|Any CPU.Build.0 = Release|Any CPU
		{A293AF88-6B4E-4F05-B816-D549BC06DAC4}.Debug|Any CPU.ActiveCfg = Debug|Any CPU
		{A293AF88-6B4E-4F05-B816-D549BC06DAC4}.Debug|Any CPU.Build.0 = Debug|Any CPU
		{A293AF88-6B4E-4F05-B816-D549BC06DAC4}.Release|Any CPU.ActiveCfg = Release|Any CPU
		{A293AF88-6B4E-4F05-B816-D549BC06DAC4}.Release|Any CPU.Build.0 = Release|Any CPU
		{7EB553EC-16F1-445B-A9F4-8A259084711F}.Debug|Any CPU.ActiveCfg = Debug|Any CPU
		{7EB553EC-16F1-445B-A9F4-8A259084711F}.Debug|Any CPU.Build.0 = Debug|Any CPU
		{7EB553EC-16F1-445B-A9F4-8A259084711F}.Release|Any CPU.ActiveCfg = Release|Any CPU
		{7EB553EC-16F1-445B-A9F4-8A259084711F}.Release|Any CPU.Build.0 = Release|Any CPU
		{3D0D1ACA-1009-4430-AAED-DBCC7FC6695D}.Debug|Any CPU.ActiveCfg = Debug|Any CPU
		{3D0D1ACA-1009-4430-AAED-DBCC7FC6695D}.Debug|Any CPU.Build.0 = Debug|Any CPU
		{3D0D1ACA-1009-4430-AAED-DBCC7FC6695D}.Release|Any CPU.ActiveCfg = Release|Any CPU
		{3D0D1ACA-1009-4430-AAED-DBCC7FC6695D}.Release|Any CPU.Build.0 = Release|Any CPU
		{A08FC8F7-9A19-412A-8422-B669CA4B466D}.Debug|Any CPU.ActiveCfg = Debug|Any CPU
		{A08FC8F7-9A19-412A-8422-B669CA4B466D}.Debug|Any CPU.Build.0 = Debug|Any CPU
		{A08FC8F7-9A19-412A-8422-B669CA4B466D}.Release|Any CPU.ActiveCfg = Release|Any CPU
		{A08FC8F7-9A19-412A-8422-B669CA4B466D}.Release|Any CPU.Build.0 = Release|Any CPU
		{389E0DF3-BACB-4890-9C5A-3EE25990DE12}.Debug|Any CPU.ActiveCfg = Debug|Any CPU
		{389E0DF3-BACB-4890-9C5A-3EE25990DE12}.Debug|Any CPU.Build.0 = Debug|Any CPU
		{389E0DF3-BACB-4890-9C5A-3EE25990DE12}.Release|Any CPU.ActiveCfg = Release|Any CPU
		{389E0DF3-BACB-4890-9C5A-3EE25990DE12}.Release|Any CPU.Build.0 = Release|Any CPU
		{80F48726-DAD2-4035-8690-CB1A485D3A0F}.Debug|Any CPU.ActiveCfg = Debug|Any CPU
		{80F48726-DAD2-4035-8690-CB1A485D3A0F}.Debug|Any CPU.Build.0 = Debug|Any CPU
		{80F48726-DAD2-4035-8690-CB1A485D3A0F}.Release|Any CPU.ActiveCfg = Release|Any CPU
		{80F48726-DAD2-4035-8690-CB1A485D3A0F}.Release|Any CPU.Build.0 = Release|Any CPU
	EndGlobalSection
	GlobalSection(SolutionProperties) = preSolution
		HideSolutionNode = FALSE
	EndGlobalSection
	GlobalSection(ExtensibilityGlobals) = postSolution
		SolutionGuid = {39D11BF0-8A7D-460F-89B1-BA1AED24C278}
	EndGlobalSection
EndGlobal
